{
  "name": "melf-share",
  "version": "0.0.12",
  "lockfileVersion": 1,
  "requires": true,
  "dependencies": {
    "antena": {
      "version": "2.1.4",
      "resolved": "https://registry.npmjs.org/antena/-/antena-2.1.4.tgz",
      "integrity": "sha512-oNA7YFCRT+KmqQs+mnk95aJ0d/ASxh7P9vHYgM4aEOXKwBY4iYpmr6He0mQEsKxC12/thP6GQ7pYFEo5BOTCmw==",
      "dev": true,
      "requires": {
        "posix-socket": "0.0.7",
        "ws": "^6.1.3"
      }
    },
    "async-limiter": {
      "version": "1.0.0",
      "resolved": "https://registry.npmjs.org/async-limiter/-/async-limiter-1.0.0.tgz",
      "integrity": "sha512-jp/uFnooOiO+L211eZOoSyzpOITMXx1rBITauYykG3BRYPu8h0UcxsPNB04RR5vo4Tyz3+ay17tR6JVf9qzYWg==",
      "dev": true
    },
    "melf": {
      "version": "2.0.8",
      "resolved": "https://registry.npmjs.org/melf/-/melf-2.0.8.tgz",
      "integrity": "sha512-IGom+v2IqNAm56esX29a+MjpluGXtT10HXZx8iea9+9Aqsm9B6Ll4Peocpu56qEpIT+uTP3DwGiGgCAvwimk8A==",
      "dev": true,
      "requires": {
        "antena": "2.1.4"
      }
    },
    "posix-socket": {
      "version": "0.0.7",
      "resolved": "https://registry.npmjs.org/posix-socket/-/posix-socket-0.0.7.tgz",
      "integrity": "sha512-rcFaXn+avl+iPwhhFuU7LjbKHemodc6qqiXPmBXqNz8jnZxT+20I0HhUw3+bwZc6UMky4UTQcWIsrQ9DNUbnNA==",
      "dev": true
    },
    "virtual-proxy": {
      "version": "0.0.9",
      "resolved": "https://registry.npmjs.org/virtual-proxy/-/virtual-proxy-0.0.9.tgz",
      "integrity": "sha512-+fvHQbUPM6ZN4kDcfIJFPsXogMwRLEbCmESCCfLvoeto3PQY+5Xy6iAhmME7fWtjoboM6ROKC7C/iTNucel5Ew=="
    },
    "ws": {
      "version": "6.1.3",
      "resolved": "https://registry.npmjs.org/ws/-/ws-6.1.3.tgz",
      "integrity": "sha512-tbSxiT+qJI223AP4iLfQbkbxkwdFcneYinM2+x46Gx2wgvbaOMO36czfdfVUBRTHvzAMRhDd98sA5d/BuWbQdg==",
      "dev": true,
      "requires": {
        "async-limiter": "~1.0.0"
      }
    }
  }
}
