{
  "name": "melf-share",
  "version": "0.1.11",
  "lockfileVersion": 1,
  "requires": true,
  "dependencies": {
    "antena": {
      "version": "4.0.9",
      "resolved": "https://registry.npmjs.org/antena/-/antena-4.0.9.tgz",
      "integrity": "sha512-EJYqDbh6pIbXthRyPMlZj+WXNSs5KjG485Wo6fw3jY9uxjjujTr/1EJrM666mHgQadXqGTBWel5TrnH7vsRRpw==",
      "dev": true,
      "requires": {
        "posix-socket": "0.0.10",
        "ws": "^6.2.0"
      }
    },
    "async-limiter": {
      "version": "1.0.0",
      "resolved": "https://registry.npmjs.org/async-limiter/-/async-limiter-1.0.0.tgz",
      "integrity": "sha512-jp/uFnooOiO+L211eZOoSyzpOITMXx1rBITauYykG3BRYPu8h0UcxsPNB04RR5vo4Tyz3+ay17tR6JVf9qzYWg==",
      "dev": true
    },
    "melf": {
      "version": "2.2.13",
      "resolved": "https://registry.npmjs.org/melf/-/melf-2.2.13.tgz",
      "integrity": "sha512-DgciZ+fOkyIfN/wAIQbNb1wxMhwlKMg0YSV7/h2wALcCDRq+X1JDfWol+9nvD/6aznuUuInVE0ruGlRa1Zl0VA==",
      "dev": true,
      "requires": {
        "antena": "4.0.9"
      }
    },
    "posix-socket": {
      "version": "0.0.10",
      "resolved": "https://registry.npmjs.org/posix-socket/-/posix-socket-0.0.10.tgz",
      "integrity": "sha512-NNUsRuk7ZTA+6JzuGVusX0REOJVsZyxUZQam9so2k++TIHz9PC9n5x6hqX1gjR6xSz/SEVRtACWOJApOApZgOw==",
      "dev": true
    },
    "virtual-proxy": {
      "version": "0.0.11",
      "resolved": "https://registry.npmjs.org/virtual-proxy/-/virtual-proxy-0.0.11.tgz",
      "integrity": "sha512-iPfJuEJ+cFJyKhL7KdxI9IreLVm1tXRrsSRqCnK7GrKG9H9vwE8bJpssQCwzLVlWqimTXSUoiLrBllXhOI0acQ=="
    },
    "ws": {
      "version": "6.2.1",
      "resolved": "https://registry.npmjs.org/ws/-/ws-6.2.1.tgz",
      "integrity": "sha512-GIyAXC2cB7LjvpgMt9EKS2ldqr0MTrORaleiOno6TweZ6r3TKtoFQWay/2PceJ3RuBasOHzXNn5Lrw1X0bEjqA==",
      "dev": true,
      "requires": {
        "async-limiter": "~1.0.0"
      }
    }
  }
}
