{
  "name": "melf-share",
  "version": "0.0.7",
  "lockfileVersion": 1,
  "requires": true,
  "dependencies": {
    "antena": {
      "version": "1.2.1",
      "resolved": "https://registry.npmjs.org/antena/-/antena-1.2.1.tgz",
      "integrity": "sha512-la9dJmLLgy3qGH9a+A91AGotNOQuq1nWO0kAhh3O23aB4LDXeyPMX+3RC16rODftRO3YoMqy4udxS+hPKLDMlw==",
      "dev": true,
      "requires": {
        "ws": "^5.2.0"
      }
    },
    "async-limiter": {
      "version": "1.0.0",
      "resolved": "https://registry.npmjs.org/async-limiter/-/async-limiter-1.0.0.tgz",
      "integrity": "sha512-jp/uFnooOiO+L211eZOoSyzpOITMXx1rBITauYykG3BRYPu8h0UcxsPNB04RR5vo4Tyz3+ay17tR6JVf9qzYWg==",
      "dev": true
    },
    "melf": {
      "version": "1.0.12",
      "resolved": "https://registry.npmjs.org/melf/-/melf-1.0.12.tgz",
      "integrity": "sha512-BzZpbZLWaNOlKSdNaESgEHZCnHOQvKSOVT7EFXeoFYzeQ8v5v+DVcwRRTCp8IqrPsLpUM9bXsA0D6vMcOzTmew==",
      "dev": true,
      "requires": {
        "minimist": "^1.2.0",
        "ws": "^5.2.0"
      }
    },
    "minimist": {
      "version": "1.2.0",
      "resolved": "https://registry.npmjs.org/minimist/-/minimist-1.2.0.tgz",
      "integrity": "sha1-o1AIsg9BOD7sH7kU9M1d95omQoQ=",
      "dev": true
    },
    "virtual-proxy": {
      "version": "0.0.0",
      "resolved": "https://registry.npmjs.org/virtual-proxy/-/virtual-proxy-0.0.0.tgz",
      "integrity": "sha512-Tjh8ArOWIVo7UWjkEZbMic6aPRI7FSMKYjz2+lmyXKoA12ImdlnCGbAu1Zf2BpLXMQ4Jcod7pUiXexilQqyNxg=="
    },
    "ws": {
      "version": "5.2.0",
      "resolved": "https://registry.npmjs.org/ws/-/ws-5.2.0.tgz",
      "integrity": "sha512-c18dMeW+PEQdDFzkhDsnBAlS4Z8KGStBQQUcQ5mf7Nf689jyGk0594L+i9RaQuf4gog6SvWLJorz2NfSaqxZ7w==",
      "dev": true,
      "requires": {
        "async-limiter": "~1.0.0"
      }
    }
  }
}
